
Microsoft Visual Studio Solution File, Format Version 12.00
# Visual Studio Version 16
VisualStudioVersion = 16.0.31019.35
MinimumVisualStudioVersion = 10.0.40219.1
Project("{FAE04EC0-301F-11D3-BF4B-00C04F79EFBC}") = "WindowsFormsApp1", "WindowsFormsApp1.csproj", "{C889F0E9-9642-4770-800E-A940E371B864}"
EndProject
Global
	GlobalSection(SolutionConfigurationPlatforms) = preSolution
		Debug|Any CPU = Debug|Any CPU
		Release|Any CPU = Release|Any CPU
	EndGlobalSection
	GlobalSection(ProjectConfigurationPlatforms) = postSolution
		{C889F0E9-9642-4770-800E-A940E371B864}.Debug|Any CPU.ActiveCfg = Debug|Any CPU
		{C889F0E9-9642-4770-800E-A940E371B864}.Debug|Any CPU.Build.0 = Debug|Any CPU
		{C889F0E9-9642-4770-800E-A940E371B864}.Release|Any CPU.ActiveCfg = Release|Any CPU
		{C889F0E9-9642-4770-800E-A940E371B864}.Release|Any CPU.Build.0 = Release|Any CPU
	EndGlobalSection
	GlobalSection(SolutionProperties) = preSolution
		HideSolutionNode = FALSE
	EndGlobalSection
	GlobalSection(ExtensibilityGlobals) = postSolution
		SolutionGuid = {6BCAD815-F6A2-42C5-8BA4-91AC03B24D33}
	EndGlobalSection
EndGlobal
